golang.org/x/sys v0.16.0 h1:xWw16ngr6ZMtmxDyKyIgsE93KNKz5HKmMa3b8ALHidU=
golang.org/x/sys v0.16.0/go.mod h1:/VUhepiaJMQUp4+oa/7Zr1D23ma6VTLIYjOOTFZPUcA=
golang.org/x/tools v0.16.0 h1:GO788SKMRunPIBCXiQyo2AaexLstOrVhuAL5YwsckQM=
golang.org/x/tools v0.16.0/go.mod h1:kYVVN6I1mBNoB1OX+noeBjbRk4IUEPa7JJ+TJMEooJ0=
tshaka.dev/x/diff v0.1.0 h1:zO4hxEhdcmq02Uq67oYAFVT0z7k1V95dt171Kue1bJA=
tshaka.dev/x/diff v0.1.0/go.mod h1:ViaZ5Ct1ZZKJC6Wnii9RNfJCFzywYqKdRBtMNM2x9hs=
